{
  "name": "rem",
  "version": "1.0.0",
  "lockfileVersion": 2,
  "requires": true,
  "packages": {
    "": {
      "name": "rem",
      "version": "1.0.0",
      "license": "MIT",
      "dependencies": {
        "@vercel/node": "^2.1.0"
      }
    },
    "node_modules/@types/node": {
      "version": "17.0.42",
      "resolved": "http://npm.xiaopeng.local:7001/@types%2fnode/-/node-17.0.42.tgz",
      "integrity": "sha512-Q5BPGyGKcvQgAMbsr7qEGN/kIPN6zZecYYABeTDBizOsau+2NMdSVTar9UQw21A2+JyA2KRNDYaYrPB0Rpk2oQ==",
      "license": "MIT"
    },
    "node_modules/@vercel/node": {
      "version": "2.1.0",
      "resolved": "http://npm.xiaopeng.local:7001/@vercel%2fnode/-/node-2.1.0.tgz",
      "integrity": "sha512-CqZo0gQj6BAxad358KFTIkcwdd+Onp7O4Nnj2QzdaUOcrMmgUEV7XR8LIrCz0knVawl2DZMDXdLjdknW4e8rQw==",
      "license": "MIT",
      "dependencies": {
        "@types/node": "*",
        "@vercel/node-bridge": "3.0.0",
        "ts-node": "8.9.1",
        "typescript": "4.3.4"
      }
    },
    "node_modules/@vercel/node-bridge": {
      "version": "3.0.0",
      "resolved": "http://npm.xiaopeng.local:7001/@vercel%2fnode-bridge/-/node-bridge-3.0.0.tgz",
      "integrity": "sha512-TNQK6cufwrhd8ASDk5YHHenH8Xhp9sY8xUjOTKnQQI37KLk+Sw2HlHhT5rzUFN23ahosUlkY8InwtYUmSNb9kw==",
      "license": "MIT"
    },
    "node_modules/arg": {
      "version": "4.1.3",
      "resolved": "http://npm.xiaopeng.local:7001/arg/-/arg-4.1.3.tgz",
      "integrity": "sha1-Jp/HrVuOQstjyJbVZmAXJhwUQIk=",
      "license": "MIT"
    },
    "node_modules/buffer-from": {
      "version": "1.1.2",
      "resolved": "http://npm.xiaopeng.local:7001/buffer-from/-/buffer-from-1.1.2.tgz",
      "integrity": "sha1-KxRqb9cugLT1XSVfNe1Zo6mkG9U=",
      "license": "MIT"
    },
    "node_modules/diff": {
      "version": "4.0.2",
      "resolved": "http://npm.xiaopeng.local:7001/diff/-/diff-4.0.2.tgz",
      "integrity": "sha1-YPOuy4nV+uUgwRqhnvwruYKq3n0=",
      "license": "BSD-3-Clause",
      "engines": {
        "node": ">=0.3.1"
      }
    },
    "node_modules/make-error": {
      "version": "1.3.6",
      "resolved": "http://npm.xiaopeng.local:7001/make-error/-/make-error-1.3.6.tgz",
      "integrity": "sha1-LrLjfqm2fEiR9oShOUeZr0hM96I=",
      "license": "ISC"
    },
    "node_modules/source-map": {
      "version": "0.6.1",
      "resolved": "http://npm.xiaopeng.local:7001/source-map/-/source-map-0.6.1.tgz",
      "integrity": "sha1-dHIq8y6WFOnCh6jQu95IteLxomM=",
      "license": "BSD-3-Clause",
      "engines": {
        "node": ">=0.10.0"
      }
    },
    "node_modules/source-map-support": {
      "version": "0.5.21",
      "resolved": "http://npm.xiaopeng.local:7001/source-map-support/-/source-map-support-0.5.21.tgz",
      "integrity": "sha512-uBHU3L3czsIyYXKX88fdrGovxdSCoTGDRZ6SYXtSRxLZUzHg5P/66Ht6uoUlHu9EZod+inXhKo3qQgwXUT/y1w==",
      "license": "MIT",
      "dependencies": {
        "buffer-from": "^1.0.0",
        "source-map": "^0.6.0"
      }
    },
    "node_modules/ts-node": {
      "version": "8.9.1",
      "resolved": "http://npm.xiaopeng.local:7001/ts-node/-/ts-node-8.9.1.tgz",
      "integrity": "sha1-L4V/RsR+kdzSihTgUkgusUz9ZaU=",
      "license": "MIT",
      "dependencies": {
        "arg": "^4.1.0",
        "diff": "^4.0.1",
        "make-error": "^1.1.1",
        "source-map-support": "^0.5.17",
        "yn": "3.1.1"
      },
      "bin": {
        "ts-node": "dist/bin.js",
        "ts-node-script": "dist/bin-script.js",
        "ts-node-transpile-only": "dist/bin-transpile.js",
        "ts-script": "dist/bin-script-deprecated.js"
      },
      "engines": {
        "node": ">=6.0.0"
      },
      "peerDependencies": {
        "typescript": ">=2.7"
      }
    },
    "node_modules/typescript": {
      "version": "4.3.4",
      "resolved": "http://npm.xiaopeng.local:7001/typescript/-/typescript-4.3.4.tgz",
      "integrity": "sha512-uauPG7XZn9F/mo+7MrsRjyvbxFpzemRjKEZXS4AK83oP2KKOJPvb+9cO/gmnv8arWZvhnjVOXz7B49m1l0e9Ew==",
      "license": "Apache-2.0",
      "bin": {
        "tsc": "bin/tsc",
        "tsserver": "bin/tsserver"
      },
      "engines": {
        "node": ">=4.2.0"
      }
    },
    "node_modules/yn": {
      "version": "3.1.1",
      "resolved": "http://npm.xiaopeng.local:7001/yn/-/yn-3.1.1.tgz",
      "integrity": "sha1-HodAGgnXZ8HV6rJqbkwYUYLS61A=",
      "license": "MIT",
      "engines": {
        "node": ">=6"
      }
    }
  },
  "dependencies": {
    "@types/node": {
      "version": "17.0.42",
      "resolved": "http://npm.xiaopeng.local:7001/@types%2fnode/-/node-17.0.42.tgz",
      "integrity": "sha512-Q5BPGyGKcvQgAMbsr7qEGN/kIPN6zZecYYABeTDBizOsau+2NMdSVTar9UQw21A2+JyA2KRNDYaYrPB0Rpk2oQ=="
    },
    "@vercel/node": {
      "version": "2.1.0",
      "resolved": "http://npm.xiaopeng.local:7001/@vercel%2fnode/-/node-2.1.0.tgz",
      "integrity": "sha512-CqZo0gQj6BAxad358KFTIkcwdd+Onp7O4Nnj2QzdaUOcrMmgUEV7XR8LIrCz0knVawl2DZMDXdLjdknW4e8rQw==",
      "requires": {
        "@types/node": "*",
        "@vercel/node-bridge": "3.0.0",
        "ts-node": "8.9.1",
        "typescript": "4.3.4"
      }
    },
    "@vercel/node-bridge": {
      "version": "3.0.0",
      "resolved": "http://npm.xiaopeng.local:7001/@vercel%2fnode-bridge/-/node-bridge-3.0.0.tgz",
      "integrity": "sha512-TNQK6cufwrhd8ASDk5YHHenH8Xhp9sY8xUjOTKnQQI37KLk+Sw2HlHhT5rzUFN23ahosUlkY8InwtYUmSNb9kw=="
    },
    "arg": {
      "version": "4.1.3",
      "resolved": "http://npm.xiaopeng.local:7001/arg/-/arg-4.1.3.tgz",
      "integrity": "sha1-Jp/HrVuOQstjyJbVZmAXJhwUQIk="
    },
    "buffer-from": {
      "version": "1.1.2",
      "resolved": "http://npm.xiaopeng.local:7001/buffer-from/-/buffer-from-1.1.2.tgz",
      "integrity": "sha1-KxRqb9cugLT1XSVfNe1Zo6mkG9U="
    },
    "diff": {
      "version": "4.0.2",
      "resolved": "http://npm.xiaopeng.local:7001/diff/-/diff-4.0.2.tgz",
      "integrity": "sha1-YPOuy4nV+uUgwRqhnvwruYKq3n0="
    },
    "make-error": {
      "version": "1.3.6",
      "resolved": "http://npm.xiaopeng.local:7001/make-error/-/make-error-1.3.6.tgz",
      "integrity": "sha1-LrLjfqm2fEiR9oShOUeZr0hM96I="
    },
    "source-map": {
      "version": "0.6.1",
      "resolved": "http://npm.xiaopeng.local:7001/source-map/-/source-map-0.6.1.tgz",
      "integrity": "sha1-dHIq8y6WFOnCh6jQu95IteLxomM="
    },
    "source-map-support": {
      "version": "0.5.21",
      "resolved": "http://npm.xiaopeng.local:7001/source-map-support/-/source-map-support-0.5.21.tgz",
      "integrity": "sha512-uBHU3L3czsIyYXKX88fdrGovxdSCoTGDRZ6SYXtSRxLZUzHg5P/66Ht6uoUlHu9EZod+inXhKo3qQgwXUT/y1w==",
      "requires": {
        "buffer-from": "^1.0.0",
        "source-map": "^0.6.0"
      }
    },
    "ts-node": {
      "version": "8.9.1",
      "resolved": "http://npm.xiaopeng.local:7001/ts-node/-/ts-node-8.9.1.tgz",
      "integrity": "sha1-L4V/RsR+kdzSihTgUkgusUz9ZaU=",
      "requires": {
        "arg": "^4.1.0",
        "diff": "^4.0.1",
        "make-error": "^1.1.1",
        "source-map-support": "^0.5.17",
        "yn": "3.1.1"
      }
    },
    "typescript": {
      "version": "4.3.4",
      "resolved": "http://npm.xiaopeng.local:7001/typescript/-/typescript-4.3.4.tgz",
      "integrity": "sha512-uauPG7XZn9F/mo+7MrsRjyvbxFpzemRjKEZXS4AK83oP2KKOJPvb+9cO/gmnv8arWZvhnjVOXz7B49m1l0e9Ew=="
    },
    "yn": {
      "version": "3.1.1",
      "resolved": "http://npm.xiaopeng.local:7001/yn/-/yn-3.1.1.tgz",
      "integrity": "sha1-HodAGgnXZ8HV6rJqbkwYUYLS61A="
    }
  }
}
